{
  "name": "vdict",
  "lockfileVersion": 3,
  "requires": true,
  "packages": {
    "": {
      "dependencies": {
        "chrome-types": "^0.1.312"
      }
    },
    "node_modules/chrome-types": {
      "version": "0.1.312",
      "resolved": "https://registry.npmjs.org/chrome-types/-/chrome-types-0.1.312.tgz",
      "integrity": "sha512-Ms9VM1gVWFNPyCUqAAUWwpcl5CyCU/iKtwsGd3Vz9v7fq184jIvX5ZLHZWgDR1VQTHDzNpAd4w2IWP9Dn96REQ=="
    }
  }
}
